
Microsoft Visual Studio Solution File, Format Version 12.00
# Visual Studio Version 16
VisualStudioVersion = 16.0.30517.126
MinimumVisualStudioVersion = 10.0.40219.1
Project("{FAE04EC0-301F-11D3-BF4B-00C04F79EFBC}") = "EFConsole", "EFConsole\EFConsole.csproj", "{AEE0CF8C-2263-4156-AD12-1DB1B8EA807D}"
EndProject
Global
	GlobalSection(SolutionConfigurationPlatforms) = preSolution
		Debug|Any CPU = Debug|Any CPU
		Release|Any CPU = Release|Any CPU
	EndGlobalSection
	GlobalSection(ProjectConfigurationPlatforms) = postSolution
		{AEE0CF8C-2263-4156-AD12-1DB1B8EA807D}.Debug|Any CPU.ActiveCfg = Debug|Any CPU
		{AEE0CF8C-2263-4156-AD12-1DB1B8EA807D}.Debug|Any CPU.Build.0 = Debug|Any CPU
		{AEE0CF8C-2263-4156-AD12-1DB1B8EA807D}.Release|Any CPU.ActiveCfg = Release|Any CPU
		{AEE0CF8C-2263-4156-AD12-1DB1B8EA807D}.Release|Any CPU.Build.0 = Release|Any CPU
	EndGlobalSection
	GlobalSection(SolutionProperties) = preSolution
		HideSolutionNode = FALSE
	EndGlobalSection
	GlobalSection(ExtensibilityGlobals) = postSolution
		SolutionGuid = {978D851E-1E4C-4B44-89D5-B868204C3C67}
	EndGlobalSection
EndGlobal
